
Microsoft Visual Studio Solution File, Format Version 12.00
# Visual Studio 15
VisualStudioVersion = 15.0.28307.1169
MinimumVisualStudioVersion = 10.0.40219.1
Project("{FAE04EC0-301F-11D3-BF4B-00C04F79EFBC}") = "WooliesX", "WooliesX\WooliesX.csproj", "{663EC7E0-CFF2-4463-915C-021F25913327}"
EndProject
Project("{FAE04EC0-301F-11D3-BF4B-00C04F79EFBC}") = "WooliesX.Tests", "WooliesX.Tests\WooliesX.Tests.csproj", "{B72E44FC-B894-445D-85E4-71A4F64D8E1D}"
EndProject
Global
	GlobalSection(SolutionConfigurationPlatforms) = preSolution
		Debug|Any CPU = Debug|Any CPU
		Release|Any CPU = Release|Any CPU
	EndGlobalSection
	GlobalSection(ProjectConfigurationPlatforms) = postSolution
		{663EC7E0-CFF2-4463-915C-021F25913327}.Debug|Any CPU.ActiveCfg = Debug|Any CPU
		{663EC7E0-CFF2-4463-915C-021F25913327}.Debug|Any CPU.Build.0 = Debug|Any CPU
		{663EC7E0-CFF2-4463-915C-021F25913327}.Release|Any CPU.ActiveCfg = Release|Any CPU
		{663EC7E0-CFF2-4463-915C-021F25913327}.Release|Any CPU.Build.0 = Release|Any CPU
		{B72E44FC-B894-445D-85E4-71A4F64D8E1D}.Debug|Any CPU.ActiveCfg = Debug|Any CPU
		{B72E44FC-B894-445D-85E4-71A4F64D8E1D}.Debug|Any CPU.Build.0 = Debug|Any CPU
		{B72E44FC-B894-445D-85E4-71A4F64D8E1D}.Release|Any CPU.ActiveCfg = Release|Any CPU
		{B72E44FC-B894-445D-85E4-71A4F64D8E1D}.Release|Any CPU.Build.0 = Release|Any CPU
	EndGlobalSection
	GlobalSection(SolutionProperties) = preSolution
		HideSolutionNode = FALSE
	EndGlobalSection
	GlobalSection(ExtensibilityGlobals) = postSolution
		SolutionGuid = {391D77D0-500F-4D86-8894-7021631F6844}
	EndGlobalSection
EndGlobal
